// !$*UTF8*$!
{
	archiveVersion = 1;
	classes = {
	};
	objectVersion = 56;
	objects = {

/* Begin PBXBuildFile section */
		64C4DB482B558DE600D1DDC2 /* iossifcawidget.docc in Sources */ = {isa = PBXBuildFile; fileRef = 64C4DB472B558DE600D1DDC2 /* iossifcawidget.docc */; };
		64C4DB4E2B558DE600D1DDC2 /* iossifcawidget.framework in Frameworks */ = {isa = PBXBuildFile; fileRef = 64C4DB432B558DE600D1DDC2 /* iossifcawidget.framework */; };
		64C4DB532B558DE600D1DDC2 /* iossifcawidgetTests.swift in Sources */ = {isa = PBXBuildFile; fileRef = 64C4DB522B558DE600D1DDC2 /* iossifcawidgetTests.swift */; };
		64C4DB542B558DE600D1DDC2 /* iossifcawidget.h in Headers */ = {isa = PBXBuildFile; fileRef = 64C4DB462B558DE600D1DDC2 /* iossifcawidget.h */; settings = {ATTRIBUTES = (Public, ); }; };
		64C4DB602B558E5F00D1DDC2 /* SwiftUIGIF in Frameworks */ = {isa = PBXBuildFile; productRef = 64C4DB5F2B558E5F00D1DDC2 /* SwiftUIGIF */; };
		64C4DB9A2B558FBC00D1DDC2 /* lord-icon-gift.gif in Resources */ = {isa = PBXBuildFile; fileRef = 64C4DB872B558FBB00D1DDC2 /* lord-icon-gift.gif */; };
		64C4DB9B2B558FBC00D1DDC2 /* Rubik-Light.ttf in Resources */ = {isa = PBXBuildFile; fileRef = 64C4DB882B558FBB00D1DDC2 /* Rubik-Light.ttf */; };
		64C4DB9C2B558FBC00D1DDC2 /* Rubik-Regular.ttf in Resources */ = {isa = PBXBuildFile; fileRef = 64C4DB892B558FBB00D1DDC2 /* Rubik-Regular.ttf */; };
		64C4DB9D2B558FBC00D1DDC2 /* lord-icon-chat.gif in Resources */ = {isa = PBXBuildFile; fileRef = 64C4DB8A2B558FBB00D1DDC2 /* lord-icon-chat.gif */; };
		64C4DB9E2B558FBC00D1DDC2 /* Rubik-ExtraBold.ttf in Resources */ = {isa = PBXBuildFile; fileRef = 64C4DB8B2B558FBB00D1DDC2 /* Rubik-ExtraBold.ttf */; };
		64C4DB9F2B558FBC00D1DDC2 /* lord-icon-profile.gif in Resources */ = {isa = PBXBuildFile; fileRef = 64C4DB8C2B558FBB00D1DDC2 /* lord-icon-profile.gif */; };
		64C4DBA02B558FBC00D1DDC2 /* lord-icon-stairs.gif in Resources */ = {isa = PBXBuildFile; fileRef = 64C4DB8D2B558FBB00D1DDC2 /* lord-icon-stairs.gif */; };
		64C4DBA12B558FBC00D1DDC2 /* lord-icon-money.gif in Resources */ = {isa = PBXBuildFile; fileRef = 64C4DB8E2B558FBB00D1DDC2 /* lord-icon-money.gif */; };
		64C4DBA22B558FBC00D1DDC2 /* Rubik-Bold.ttf in Resources */ = {isa = PBXBuildFile; fileRef = 64C4DB8F2B558FBB00D1DDC2 /* Rubik-Bold.ttf */; };
		64C4DBA32B558FBC00D1DDC2 /* lord-icon-coin.gif in Resources */ = {isa = PBXBuildFile; fileRef = 64C4DB902B558FBB00D1DDC2 /* lord-icon-coin.gif */; };
		64C4DBA42B558FBC00D1DDC2 /* Rubik-Black.ttf in Resources */ = {isa = PBXBuildFile; fileRef = 64C4DB912B558FBC00D1DDC2 /* Rubik-Black.ttf */; };
		64C4DBA52B558FBC00D1DDC2 /* lord-icon-reputation.png in Resources */ = {isa = PBXBuildFile; fileRef = 64C4DB922B558FBC00D1DDC2 /* lord-icon-reputation.png */; };
		64C4DBA62B558FBC00D1DDC2 /* lord-icon-walkie-talkie.gif in Resources */ = {isa = PBXBuildFile; fileRef = 64C4DB932B558FBC00D1DDC2 /* lord-icon-walkie-talkie.gif */; };
		64C4DBA72B558FBC00D1DDC2 /* lord-icon-joystick.gif in Resources */ = {isa = PBXBuildFile; fileRef = 64C4DB942B558FBC00D1DDC2 /* lord-icon-joystick.gif */; };
		64C4DBA82B558FBC00D1DDC2 /* lord-icon-monster.gif in Resources */ = {isa = PBXBuildFile; fileRef = 64C4DB952B558FBC00D1DDC2 /* lord-icon-monster.gif */; };
		64C4DBA92B558FBC00D1DDC2 /* Rubik-Medium.ttf in Resources */ = {isa = PBXBuildFile; fileRef = 64C4DB962B558FBC00D1DDC2 /* Rubik-Medium.ttf */; };
		64C4DBAA2B558FBC00D1DDC2 /* lord-icon-eye.gif in Resources */ = {isa = PBXBuildFile; fileRef = 64C4DB972B558FBC00D1DDC2 /* lord-icon-eye.gif */; };
		64C4DBAB2B558FBC00D1DDC2 /* Rubik-SemiBold.ttf in Resources */ = {isa = PBXBuildFile; fileRef = 64C4DB982B558FBC00D1DDC2 /* Rubik-SemiBold.ttf */; };
		64C4DBAC2B558FBC00D1DDC2 /* lord-icon-link.gif in Resources */ = {isa = PBXBuildFile; fileRef = 64C4DB992B558FBC00D1DDC2 /* lord-icon-link.gif */; };
		64C4DBC02B55902C00D1DDC2 /* WidgetDots.swift in Sources */ = {isa = PBXBuildFile; fileRef = 64C4DBAD2B55902C00D1DDC2 /* WidgetDots.swift */; };
		64C4DBC12B55902C00D1DDC2 /* ThemeController.swift in Sources */ = {isa = PBXBuildFile; fileRef = 64C4DBAE2B55902C00D1DDC2 /* ThemeController.swift */; };
		64C4DBC22B55902C00D1DDC2 /* ProfileDialog.swift in Sources */ = {isa = PBXBuildFile; fileRef = 64C4DBAF2B55902C00D1DDC2 /* ProfileDialog.swift */; };
		64C4DBC32B55902C00D1DDC2 /* TextFieldPlaceholderStyle.swift in Sources */ = {isa = PBXBuildFile; fileRef = 64C4DBB02B55902C00D1DDC2 /* TextFieldPlaceholderStyle.swift */; };
		64C4DBC42B55902C00D1DDC2 /* iossifcawidgetApp.swift in Sources */ = {isa = PBXBuildFile; fileRef = 64C4DBB12B55902C00D1DDC2 /* iossifcawidgetApp.swift */; };
		64C4DBC52B55902C00D1DDC2 /* AnimatedWidgetController.swift in Sources */ = {isa = PBXBuildFile; fileRef = 64C4DBB22B55902C00D1DDC2 /* AnimatedWidgetController.swift */; };
		64C4DBC62B55902C00D1DDC2 /* LocaleController.swift in Sources */ = {isa = PBXBuildFile; fileRef = 64C4DBB32B55902C00D1DDC2 /* LocaleController.swift */; };
		64C4DBC72B55902C00D1DDC2 /* RubikFont.swift in Sources */ = {isa = PBXBuildFile; fileRef = 64C4DBB42B55902C00D1DDC2 /* RubikFont.swift */; };
		64C4DBC82B55902C00D1DDC2 /* SignOutDialog.swift in Sources */ = {isa = PBXBuildFile; fileRef = 64C4DBB52B55902C00D1DDC2 /* SignOutDialog.swift */; };
		64C4DBC92B55902C00D1DDC2 /* Utils.swift in Sources */ = {isa = PBXBuildFile; fileRef = 64C4DBB62B55902C00D1DDC2 /* Utils.swift */; };
		64C4DBCA2B55902C00D1DDC2 /* SifcaWidget.swift in Sources */ = {isa = PBXBuildFile; fileRef = 64C4DBB72B55902C00D1DDC2 /* SifcaWidget.swift */; };
		64C4DBCB2B55902C00D1DDC2 /* MessageGroupDialog.swift in Sources */ = {isa = PBXBuildFile; fileRef = 64C4DBB82B55902C00D1DDC2 /* MessageGroupDialog.swift */; };
		64C4DBCC2B55902C00D1DDC2 /* NotificationsDialog.swift in Sources */ = {isa = PBXBuildFile; fileRef = 64C4DBB92B55902C00D1DDC2 /* NotificationsDialog.swift */; };
		64C4DBCE2B55902C00D1DDC2 /* WalletDialog.swift in Sources */ = {isa = PBXBuildFile; fileRef = 64C4DBBB2B55902C00D1DDC2 /* WalletDialog.swift */; };
		64C4DBCF2B55902C00D1DDC2 /* SifcaAnimatedWidget.swift in Sources */ = {isa = PBXBuildFile; fileRef = 64C4DBBC2B55902C00D1DDC2 /* SifcaAnimatedWidget.swift */; };
		64C4DBD02B55902C00D1DDC2 /* EditProfileDialog.swift in Sources */ = {isa = PBXBuildFile; fileRef = 64C4DBBD2B55902C00D1DDC2 /* EditProfileDialog.swift */; };
		64C4DBD12B55902C00D1DDC2 /* CampaignQuestionsDialog.swift in Sources */ = {isa = PBXBuildFile; fileRef = 64C4DBBE2B55902C00D1DDC2 /* CampaignQuestionsDialog.swift */; };
		64C4DBD22B55902C00D1DDC2 /* CampaignsDialog.swift in Sources */ = {isa = PBXBuildFile; fileRef = 64C4DBBF2B55902C00D1DDC2 /* CampaignsDialog.swift */; };
		64E9C24E2B55E8E1004D1CAD /* Localizable.strings in Resources */ = {isa = PBXBuildFile; fileRef = 64E9C2502B55E8E1004D1CAD /* Localizable.strings */; };
		64E9C2542B55E9A4004D1CAD /* Assets.xcassets in Resources */ = {isa = PBXBuildFile; fileRef = 64E9C2532B55E9A4004D1CAD /* Assets.xcassets */; };
/* End PBXBuildFile section */

/* Begin PBXContainerItemProxy section */
		64C4DB4F2B558DE600D1DDC2 /* PBXContainerItemProxy */ = {
			isa = PBXContainerItemProxy;
			containerPortal = 64C4DB3A2B558DE600D1DDC2 /* Project object */;
			proxyType = 1;
			remoteGlobalIDString = 64C4DB422B558DE600D1DDC2;
			remoteInfo = iossifcawidget;
		};
/* End PBXContainerItemProxy section */

/* Begin PBXFileReference section */
		64C4DB432B558DE600D1DDC2 /* iossifcawidget.framework */ = {isa = PBXFileReference; explicitFileType = wrapper.framework; includeInIndex = 0; path = iossifcawidget.framework; sourceTree = BUILT_PRODUCTS_DIR; };
		64C4DB462B558DE600D1DDC2 /* iossifcawidget.h */ = {isa = PBXFileReference; lastKnownFileType = sourcecode.c.h; path = iossifcawidget.h; sourceTree = "<group>"; };
		64C4DB472B558DE600D1DDC2 /* iossifcawidget.docc */ = {isa = PBXFileReference; lastKnownFileType = folder.documentationcatalog; path = iossifcawidget.docc; sourceTree = "<group>"; };
		64C4DB4D2B558DE600D1DDC2 /* iossifcawidgetTests.xctest */ = {isa = PBXFileReference; explicitFileType = wrapper.cfbundle; includeInIndex = 0; path = iossifcawidgetTests.xctest; sourceTree = BUILT_PRODUCTS_DIR; };
		64C4DB522B558DE600D1DDC2 /* iossifcawidgetTests.swift */ = {isa = PBXFileReference; lastKnownFileType = sourcecode.swift; path = iossifcawidgetTests.swift; sourceTree = "<group>"; };
		64C4DB872B558FBB00D1DDC2 /* lord-icon-gift.gif */ = {isa = PBXFileReference; lastKnownFileType = image.gif; path = "lord-icon-gift.gif"; sourceTree = "<group>"; };
		64C4DB882B558FBB00D1DDC2 /* Rubik-Light.ttf */ = {isa = PBXFileReference; lastKnownFileType = file; path = "Rubik-Light.ttf"; sourceTree = "<group>"; };
		64C4DB892B558FBB00D1DDC2 /* Rubik-Regular.ttf */ = {isa = PBXFileReference; lastKnownFileType = file; path = "Rubik-Regular.ttf"; sourceTree = "<group>"; };
		64C4DB8A2B558FBB00D1DDC2 /* lord-icon-chat.gif */ = {isa = PBXFileReference; lastKnownFileType = image.gif; path = "lord-icon-chat.gif"; sourceTree = "<group>"; };
		64C4DB8B2B558FBB00D1DDC2 /* Rubik-ExtraBold.ttf */ = {isa = PBXFileReference; lastKnownFileType = file; path = "Rubik-ExtraBold.ttf"; sourceTree = "<group>"; };
		64C4DB8C2B558FBB00D1DDC2 /* lord-icon-profile.gif */ = {isa = PBXFileReference; lastKnownFileType = image.gif; path = "lord-icon-profile.gif"; sourceTree = "<group>"; };
		64C4DB8D2B558FBB00D1DDC2 /* lord-icon-stairs.gif */ = {isa = PBXFileReference; lastKnownFileType = image.gif; path = "lord-icon-stairs.gif"; sourceTree = "<group>"; };
		64C4DB8E2B558FBB00D1DDC2 /* lord-icon-money.gif */ = {isa = PBXFileReference; lastKnownFileType = image.gif; path = "lord-icon-money.gif"; sourceTree = "<group>"; };
		64C4DB8F2B558FBB00D1DDC2 /* Rubik-Bold.ttf */ = {isa = PBXFileReference; lastKnownFileType = file; path = "Rubik-Bold.ttf"; sourceTree = "<group>"; };
		64C4DB902B558FBB00D1DDC2 /* lord-icon-coin.gif */ = {isa = PBXFileReference; lastKnownFileType = image.gif; path = "lord-icon-coin.gif"; sourceTree = "<group>"; };
		64C4DB912B558FBC00D1DDC2 /* Rubik-Black.ttf */ = {isa = PBXFileReference; lastKnownFileType = file; path = "Rubik-Black.ttf"; sourceTree = "<group>"; };
		64C4DB922B558FBC00D1DDC2 /* lord-icon-reputation.png */ = {isa = PBXFileReference; lastKnownFileType = image.png; path = "lord-icon-reputation.png"; sourceTree = "<group>"; };
		64C4DB932B558FBC00D1DDC2 /* lord-icon-walkie-talkie.gif */ = {isa = PBXFileReference; lastKnownFileType = image.gif; path = "lord-icon-walkie-talkie.gif"; sourceTree = "<group>"; };
		64C4DB942B558FBC00D1DDC2 /* lord-icon-joystick.gif */ = {isa = PBXFileReference; lastKnownFileType = image.gif; path = "lord-icon-joystick.gif"; sourceTree = "<group>"; };
		64C4DB952B558FBC00D1DDC2 /* lord-icon-monster.gif */ = {isa = PBXFileReference; lastKnownFileType = image.gif; path = "lord-icon-monster.gif"; sourceTree = "<group>"; };
		64C4DB962B558FBC00D1DDC2 /* Rubik-Medium.ttf */ = {isa = PBXFileReference; lastKnownFileType = file; path = "Rubik-Medium.ttf"; sourceTree = "<group>"; };
		64C4DB972B558FBC00D1DDC2 /* lord-icon-eye.gif */ = {isa = PBXFileReference; lastKnownFileType = image.gif; path = "lord-icon-eye.gif"; sourceTree = "<group>"; };
		64C4DB982B558FBC00D1DDC2 /* Rubik-SemiBold.ttf */ = {isa = PBXFileReference; lastKnownFileType = file; path = "Rubik-SemiBold.ttf"; sourceTree = "<group>"; };
		64C4DB992B558FBC00D1DDC2 /* lord-icon-link.gif */ = {isa = PBXFileReference; lastKnownFileType = image.gif; path = "lord-icon-link.gif"; sourceTree = "<group>"; };
		64C4DBAD2B55902C00D1DDC2 /* WidgetDots.swift */ = {isa = PBXFileReference; fileEncoding = 4; lastKnownFileType = sourcecode.swift; path = WidgetDots.swift; sourceTree = "<group>"; };
		64C4DBAE2B55902C00D1DDC2 /* ThemeController.swift */ = {isa = PBXFileReference; fileEncoding = 4; lastKnownFileType = sourcecode.swift; path = ThemeController.swift; sourceTree = "<group>"; };
		64C4DBAF2B55902C00D1DDC2 /* ProfileDialog.swift */ = {isa = PBXFileReference; fileEncoding = 4; lastKnownFileType = sourcecode.swift; path = ProfileDialog.swift; sourceTree = "<group>"; };
		64C4DBB02B55902C00D1DDC2 /* TextFieldPlaceholderStyle.swift */ = {isa = PBXFileReference; fileEncoding = 4; lastKnownFileType = sourcecode.swift; path = TextFieldPlaceholderStyle.swift; sourceTree = "<group>"; };
		64C4DBB12B55902C00D1DDC2 /* iossifcawidgetApp.swift */ = {isa = PBXFileReference; fileEncoding = 4; lastKnownFileType = sourcecode.swift; path = iossifcawidgetApp.swift; sourceTree = "<group>"; };
		64C4DBB22B55902C00D1DDC2 /* AnimatedWidgetController.swift */ = {isa = PBXFileReference; fileEncoding = 4; lastKnownFileType = sourcecode.swift; path = AnimatedWidgetController.swift; sourceTree = "<group>"; };
		64C4DBB32B55902C00D1DDC2 /* LocaleController.swift */ = {isa = PBXFileReference; fileEncoding = 4; lastKnownFileType = sourcecode.swift; path = LocaleController.swift; sourceTree = "<group>"; };
		64C4DBB42B55902C00D1DDC2 /* RubikFont.swift */ = {isa = PBXFileReference; fileEncoding = 4; lastKnownFileType = sourcecode.swift; path = RubikFont.swift; sourceTree = "<group>"; };
		64C4DBB52B55902C00D1DDC2 /* SignOutDialog.swift */ = {isa = PBXFileReference; fileEncoding = 4; lastKnownFileType = sourcecode.swift; path = SignOutDialog.swift; sourceTree = "<group>"; };
		64C4DBB62B55902C00D1DDC2 /* Utils.swift */ = {isa = PBXFileReference; fileEncoding = 4; lastKnownFileType = sourcecode.swift; path = Utils.swift; sourceTree = "<group>"; };
		64C4DBB72B55902C00D1DDC2 /* SifcaWidget.swift */ = {isa = PBXFileReference; fileEncoding = 4; lastKnownFileType = sourcecode.swift; path = SifcaWidget.swift; sourceTree = "<group>"; };
		64C4DBB82B55902C00D1DDC2 /* MessageGroupDialog.swift */ = {isa = PBXFileReference; fileEncoding = 4; lastKnownFileType = sourcecode.swift; path = MessageGroupDialog.swift; sourceTree = "<group>"; };
		64C4DBB92B55902C00D1DDC2 /* NotificationsDialog.swift */ = {isa = PBXFileReference; fileEncoding = 4; lastKnownFileType = sourcecode.swift; path = NotificationsDialog.swift; sourceTree = "<group>"; };
		64C4DBBB2B55902C00D1DDC2 /* WalletDialog.swift */ = {isa = PBXFileReference; fileEncoding = 4; lastKnownFileType = sourcecode.swift; path = WalletDialog.swift; sourceTree = "<group>"; };
		64C4DBBC2B55902C00D1DDC2 /* SifcaAnimatedWidget.swift */ = {isa = PBXFileReference; fileEncoding = 4; lastKnownFileType = sourcecode.swift; path = SifcaAnimatedWidget.swift; sourceTree = "<group>"; };
		64C4DBBD2B55902C00D1DDC2 /* EditProfileDialog.swift */ = {isa = PBXFileReference; fileEncoding = 4; lastKnownFileType = sourcecode.swift; path = EditProfileDialog.swift; sourceTree = "<group>"; };
		64C4DBBE2B55902C00D1DDC2 /* CampaignQuestionsDialog.swift */ = {isa = PBXFileReference; fileEncoding = 4; lastKnownFileType = sourcecode.swift; path = CampaignQuestionsDialog.swift; sourceTree = "<group>"; };
		64C4DBBF2B55902C00D1DDC2 /* CampaignsDialog.swift */ = {isa = PBXFileReference; fileEncoding = 4; lastKnownFileType = sourcecode.swift; path = CampaignsDialog.swift; sourceTree = "<group>"; };
		64E9C24F2B55E8E1004D1CAD /* en */ = {isa = PBXFileReference; lastKnownFileType = text.plist.strings; name = en; path = en.lproj/Localizable.strings; sourceTree = "<group>"; };
		64E9C2512B55E91D004D1CAD /* fr */ = {isa = PBXFileReference; lastKnownFileType = text.plist.strings; name = fr; path = fr.lproj/Localizable.strings; sourceTree = "<group>"; };
		64E9C2522B55E920004D1CAD /* ar */ = {isa = PBXFileReference; lastKnownFileType = text.plist.strings; name = ar; path = ar.lproj/Localizable.strings; sourceTree = "<group>"; };
		64E9C2532B55E9A4004D1CAD /* Assets.xcassets */ = {isa = PBXFileReference; lastKnownFileType = folder.assetcatalog; path = Assets.xcassets; sourceTree = "<group>"; };
/* End PBXFileReference section */

/* Begin PBXFrameworksBuildPhase section */
		64C4DB402B558DE600D1DDC2 /* Frameworks */ = {
			isa = PBXFrameworksBuildPhase;
			buildActionMask = 2147483647;
			files = (
				64C4DB602B558E5F00D1DDC2 /* SwiftUIGIF in Frameworks */,
			);
			runOnlyForDeploymentPostprocessing = 0;
		};
		64C4DB4A2B558DE600D1DDC2 /* Frameworks */ = {
			isa = PBXFrameworksBuildPhase;
			buildActionMask = 2147483647;
			files = (
				64C4DB4E2B558DE600D1DDC2 /* iossifcawidget.framework in Frameworks */,
			);
			runOnlyForDeploymentPostprocessing = 0;
		};
/* End PBXFrameworksBuildPhase section */

/* Begin PBXGroup section */
		64C4DB392B558DE600D1DDC2 = {
			isa = PBXGroup;
			children = (
				64C4DB452B558DE600D1DDC2 /* iossifcawidget */,
				64C4DB512B558DE600D1DDC2 /* iossifcawidgetTests */,
				64C4DB442B558DE600D1DDC2 /* Products */,
			);
			sourceTree = "<group>";
		};
		64C4DB442B558DE600D1DDC2 /* Products */ = {
			isa = PBXGroup;
			children = (
				64C4DB432B558DE600D1DDC2 /* iossifcawidget.framework */,
				64C4DB4D2B558DE600D1DDC2 /* iossifcawidgetTests.xctest */,
			);
			name = Products;
			sourceTree = "<group>";
		};
		64C4DB452B558DE600D1DDC2 /* iossifcawidget */ = {
			isa = PBXGroup;
			children = (
				64C4DB8A2B558FBB00D1DDC2 /* lord-icon-chat.gif */,
				64C4DB902B558FBB00D1DDC2 /* lord-icon-coin.gif */,
				64C4DB972B558FBC00D1DDC2 /* lord-icon-eye.gif */,
				64C4DB872B558FBB00D1DDC2 /* lord-icon-gift.gif */,
				64C4DB942B558FBC00D1DDC2 /* lord-icon-joystick.gif */,
				64C4DB992B558FBC00D1DDC2 /* lord-icon-link.gif */,
				64C4DB8E2B558FBB00D1DDC2 /* lord-icon-money.gif */,
				64C4DB952B558FBC00D1DDC2 /* lord-icon-monster.gif */,
				64C4DB8C2B558FBB00D1DDC2 /* lord-icon-profile.gif */,
				64C4DB922B558FBC00D1DDC2 /* lord-icon-reputation.png */,
				64C4DB8D2B558FBB00D1DDC2 /* lord-icon-stairs.gif */,
				64C4DB932B558FBC00D1DDC2 /* lord-icon-walkie-talkie.gif */,
				64C4DB8F2B558FBB00D1DDC2 /* Rubik-Bold.ttf */,
				64C4DB8B2B558FBB00D1DDC2 /* Rubik-ExtraBold.ttf */,
				64C4DB882B558FBB00D1DDC2 /* Rubik-Light.ttf */,
				64C4DB962B558FBC00D1DDC2 /* Rubik-Medium.ttf */,
				64C4DB892B558FBB00D1DDC2 /* Rubik-Regular.ttf */,
				64C4DB982B558FBC00D1DDC2 /* Rubik-SemiBold.ttf */,
				64C4DB912B558FBC00D1DDC2 /* Rubik-Black.ttf */,
				64C4DBB22B55902C00D1DDC2 /* AnimatedWidgetController.swift */,
				64C4DBBE2B55902C00D1DDC2 /* CampaignQuestionsDialog.swift */,
				64C4DBBF2B55902C00D1DDC2 /* CampaignsDialog.swift */,
				64C4DBBD2B55902C00D1DDC2 /* EditProfileDialog.swift */,
				64C4DBB12B55902C00D1DDC2 /* iossifcawidgetApp.swift */,
				64C4DBB32B55902C00D1DDC2 /* LocaleController.swift */,
				64C4DBB82B55902C00D1DDC2 /* MessageGroupDialog.swift */,
				64C4DBB92B55902C00D1DDC2 /* NotificationsDialog.swift */,
				64C4DBAF2B55902C00D1DDC2 /* ProfileDialog.swift */,
				64C4DBB42B55902C00D1DDC2 /* RubikFont.swift */,
				64C4DBBC2B55902C00D1DDC2 /* SifcaAnimatedWidget.swift */,
				64C4DBB72B55902C00D1DDC2 /* SifcaWidget.swift */,
				64C4DBB52B55902C00D1DDC2 /* SignOutDialog.swift */,
				64C4DBB02B55902C00D1DDC2 /* TextFieldPlaceholderStyle.swift */,
				64C4DBAE2B55902C00D1DDC2 /* ThemeController.swift */,
				64C4DBB62B55902C00D1DDC2 /* Utils.swift */,
				64C4DBBB2B55902C00D1DDC2 /* WalletDialog.swift */,
				64C4DBAD2B55902C00D1DDC2 /* WidgetDots.swift */,
				64C4DB462B558DE600D1DDC2 /* iossifcawidget.h */,
				64C4DB472B558DE600D1DDC2 /* iossifcawidget.docc */,
				64E9C2502B55E8E1004D1CAD /* Localizable.strings */,
				64E9C2532B55E9A4004D1CAD /* Assets.xcassets */,
			);
			path = iossifcawidget;
			sourceTree = "<group>";
		};
		64C4DB512B558DE600D1DDC2 /* iossifcawidgetTests */ = {
			isa = PBXGroup;
			children = (
				64C4DB522B558DE600D1DDC2 /* iossifcawidgetTests.swift */,
			);
			path = iossifcawidgetTests;
			sourceTree = "<group>";
		};
/* End PBXGroup section */

/* Begin PBXHeadersBuildPhase section */
		64C4DB3E2B558DE600D1DDC2 /* Headers */ = {
			isa = PBXHeadersBuildPhase;
			buildActionMask = 2147483647;
			files = (
				64C4DB542B558DE600D1DDC2 /* iossifcawidget.h in Headers */,
			);
			runOnlyForDeploymentPostprocessing = 0;
		};
/* End PBXHeadersBuildPhase section */

/* Begin PBXNativeTarget section */
		64C4DB422B558DE600D1DDC2 /* iossifcawidget */ = {
			isa = PBXNativeTarget;
			buildConfigurationList = 64C4DB572B558DE600D1DDC2 /* Build configuration list for PBXNativeTarget "iossifcawidget" */;
			buildPhases = (
				64C4DB3E2B558DE600D1DDC2 /* Headers */,
				64C4DB3F2B558DE600D1DDC2 /* Sources */,
				64C4DB402B558DE600D1DDC2 /* Frameworks */,
				64C4DB412B558DE600D1DDC2 /* Resources */,
			);
			buildRules = (
			);
			dependencies = (
			);
			name = iossifcawidget;
			packageProductDependencies = (
				64C4DB5F2B558E5F00D1DDC2 /* SwiftUIGIF */,
			);
			productName = iossifcawidget;
			productReference = 64C4DB432B558DE600D1DDC2 /* iossifcawidget.framework */;
			productType = "com.apple.product-type.framework";
		};
		64C4DB4C2B558DE600D1DDC2 /* iossifcawidgetTests */ = {
			isa = PBXNativeTarget;
			buildConfigurationList = 64C4DB5A2B558DE600D1DDC2 /* Build configuration list for PBXNativeTarget "iossifcawidgetTests" */;
			buildPhases = (
				64C4DB492B558DE600D1DDC2 /* Sources */,
				64C4DB4A2B558DE600D1DDC2 /* Frameworks */,
				64C4DB4B2B558DE600D1DDC2 /* Resources */,
			);
			buildRules = (
			);
			dependencies = (
				64C4DB502B558DE600D1DDC2 /* PBXTargetDependency */,
			);
			name = iossifcawidgetTests;
			productName = iossifcawidgetTests;
			productReference = 64C4DB4D2B558DE600D1DDC2 /* iossifcawidgetTests.xctest */;
			productType = "com.apple.product-type.bundle.unit-test";
		};
/* End PBXNativeTarget section */

/* Begin PBXProject section */
		64C4DB3A2B558DE600D1DDC2 /* Project object */ = {
			isa = PBXProject;
			attributes = {
				BuildIndependentTargetsInParallel = 1;
				LastSwiftUpdateCheck = 1520;
				LastUpgradeCheck = 1520;
				TargetAttributes = {
					64C4DB422B558DE600D1DDC2 = {
						CreatedOnToolsVersion = 15.2;
					};
					64C4DB4C2B558DE600D1DDC2 = {
						CreatedOnToolsVersion = 15.2;
					};
				};
			};
			buildConfigurationList = 64C4DB3D2B558DE600D1DDC2 /* Build configuration list for PBXProject "iossifcawidget" */;
			compatibilityVersion = "Xcode 14.0";
			developmentRegion = en;
			hasScannedForEncodings = 0;
			knownRegions = (
				en,
				Base,
				fr,
				ar,
			);
			mainGroup = 64C4DB392B558DE600D1DDC2;
			packageReferences = (
				64C4DB5D2B558E5100D1DDC2 /* XCRemoteSwiftPackageReference "url-image" */,
				64C4DB5E2B558E5F00D1DDC2 /* XCRemoteSwiftPackageReference "swiftui-gif" */,
			);
			productRefGroup = 64C4DB442B558DE600D1DDC2 /* Products */;
			projectDirPath = "";
			projectRoot = "";
			targets = (
				64C4DB422B558DE600D1DDC2 /* iossifcawidget */,
				64C4DB4C2B558DE600D1DDC2 /* iossifcawidgetTests */,
			);
		};
/* End PBXProject section */

/* Begin PBXResourcesBuildPhase section */
		64C4DB412B558DE600D1DDC2 /* Resources */ = {
			isa = PBXResourcesBuildPhase;
			buildActionMask = 2147483647;
			files = (
				64C4DB9F2B558FBC00D1DDC2 /* lord-icon-profile.gif in Resources */,
				64C4DBA22B558FBC00D1DDC2 /* Rubik-Bold.ttf in Resources */,
				64C4DB9A2B558FBC00D1DDC2 /* lord-icon-gift.gif in Resources */,
				64C4DBA42B558FBC00D1DDC2 /* Rubik-Black.ttf in Resources */,
				64C4DBAC2B558FBC00D1DDC2 /* lord-icon-link.gif in Resources */,
				64E9C24E2B55E8E1004D1CAD /* Localizable.strings in Resources */,
				64C4DB9E2B558FBC00D1DDC2 /* Rubik-ExtraBold.ttf in Resources */,
				64C4DBA12B558FBC00D1DDC2 /* lord-icon-money.gif in Resources */,
				64C4DB9C2B558FBC00D1DDC2 /* Rubik-Regular.ttf in Resources */,
				64C4DBA92B558FBC00D1DDC2 /* Rubik-Medium.ttf in Resources */,
				64C4DB9D2B558FBC00D1DDC2 /* lord-icon-chat.gif in Resources */,
				64C4DBAB2B558FBC00D1DDC2 /* Rubik-SemiBold.ttf in Resources */,
				64C4DB9B2B558FBC00D1DDC2 /* Rubik-Light.ttf in Resources */,
				64C4DBA02B558FBC00D1DDC2 /* lord-icon-stairs.gif in Resources */,
				64C4DBA82B558FBC00D1DDC2 /* lord-icon-monster.gif in Resources */,
				64C4DBA72B558FBC00D1DDC2 /* lord-icon-joystick.gif in Resources */,
				64E9C2542B55E9A4004D1CAD /* Assets.xcassets in Resources */,
				64C4DBA52B558FBC00D1DDC2 /* lord-icon-reputation.png in Resources */,
				64C4DBA62B558FBC00D1DDC2 /* lord-icon-walkie-talkie.gif in Resources */,
				64C4DBAA2B558FBC00D1DDC2 /* lord-icon-eye.gif in Resources */,
				64C4DBA32B558FBC00D1DDC2 /* lord-icon-coin.gif in Resources */,
			);
			runOnlyForDeploymentPostprocessing = 0;
		};
		64C4DB4B2B558DE600D1DDC2 /* Resources */ = {
			isa = PBXResourcesBuildPhase;
			buildActionMask = 2147483647;
			files = (
			);
			runOnlyForDeploymentPostprocessing = 0;
		};
/* End PBXResourcesBuildPhase section */

/* Begin PBXSourcesBuildPhase section */
		64C4DB3F2B558DE600D1DDC2 /* Sources */ = {
			isa = PBXSourcesBuildPhase;
			buildActionMask = 2147483647;
			files = (
				64C4DB482B558DE600D1DDC2 /* iossifcawidget.docc in Sources */,
				64C4DBCF2B55902C00D1DDC2 /* SifcaAnimatedWidget.swift in Sources */,
				64C4DBC72B55902C00D1DDC2 /* RubikFont.swift in Sources */,
				64C4DBC02B55902C00D1DDC2 /* WidgetDots.swift in Sources */,
				64C4DBC12B55902C00D1DDC2 /* ThemeController.swift in Sources */,
				64C4DBC32B55902C00D1DDC2 /* TextFieldPlaceholderStyle.swift in Sources */,
				64C4DBC42B55902C00D1DDC2 /* iossifcawidgetApp.swift in Sources */,
				64C4DBCE2B55902C00D1DDC2 /* WalletDialog.swift in Sources */,
				64C4DBC62B55902C00D1DDC2 /* LocaleController.swift in Sources */,
				64C4DBC92B55902C00D1DDC2 /* Utils.swift in Sources */,
				64C4DBC82B55902C00D1DDC2 /* SignOutDialog.swift in Sources */,
				64C4DBCB2B55902C00D1DDC2 /* MessageGroupDialog.swift in Sources */,
				64C4DBC22B55902C00D1DDC2 /* ProfileDialog.swift in Sources */,
				64C4DBCA2B55902C00D1DDC2 /* SifcaWidget.swift in Sources */,
				64C4DBD02B55902C00D1DDC2 /* EditProfileDialog.swift in Sources */,
				64C4DBCC2B55902C00D1DDC2 /* NotificationsDialog.swift in Sources */,
				64C4DBD12B55902C00D1DDC2 /* CampaignQuestionsDialog.swift in Sources */,
				64C4DBC52B55902C00D1DDC2 /* AnimatedWidgetController.swift in Sources */,
				64C4DBD22B55902C00D1DDC2 /* CampaignsDialog.swift in Sources */,
			);
			runOnlyForDeploymentPostprocessing = 0;
		};
		64C4DB492B558DE600D1DDC2 /* Sources */ = {
			isa = PBXSourcesBuildPhase;
			buildActionMask = 2147483647;
			files = (
				64C4DB532B558DE600D1DDC2 /* iossifcawidgetTests.swift in Sources */,
			);
			runOnlyForDeploymentPostprocessing = 0;
		};
/* End PBXSourcesBuildPhase section */

/* Begin PBXTargetDependency section */
		64C4DB502B558DE600D1DDC2 /* PBXTargetDependency */ = {
			isa = PBXTargetDependency;
			target = 64C4DB422B558DE600D1DDC2 /* iossifcawidget */;
			targetProxy = 64C4DB4F2B558DE600D1DDC2 /* PBXContainerItemProxy */;
		};
/* End PBXTargetDependency section */

/* Begin PBXVariantGroup section */
		64E9C2502B55E8E1004D1CAD /* Localizable.strings */ = {
			isa = PBXVariantGroup;
			children = (
				64E9C24F2B55E8E1004D1CAD /* en */,
				64E9C2512B55E91D004D1CAD /* fr */,
				64E9C2522B55E920004D1CAD /* ar */,
			);
			name = Localizable.strings;
			sourceTree = "<group>";
		};
/* End PBXVariantGroup section */

/* Begin XCBuildConfiguration section */
		64C4DB552B558DE600D1DDC2 /* Debug */ = {
			isa = XCBuildConfiguration;
			buildSettings = {
				ALWAYS_SEARCH_USER_PATHS = NO;
				ASSETCATALOG_COMPILER_GENERATE_SWIFT_ASSET_SYMBOL_EXTENSIONS = YES;
				CLANG_ANALYZER_LOCALIZABILITY_NONLOCALIZED = YES;
				CLANG_ANALYZER_NONNULL = YES;
				CLANG_ANALYZER_NUMBER_OBJECT_CONVERSION = YES_AGGRESSIVE;
				CLANG_CXX_LANGUAGE_STANDARD = "gnu++20";
				CLANG_ENABLE_MODULES = YES;
				CLANG_ENABLE_OBJC_ARC = YES;
				CLANG_ENABLE_OBJC_WEAK = YES;
				CLANG_WARN_BLOCK_CAPTURE_AUTORELEASING = YES;
				CLANG_WARN_BOOL_CONVERSION = YES;
				CLANG_WARN_COMMA = YES;
				CLANG_WARN_CONSTANT_CONVERSION = YES;
				CLANG_WARN_DEPRECATED_OBJC_IMPLEMENTATIONS = YES;
				CLANG_WARN_DIRECT_OBJC_ISA_USAGE = YES_ERROR;
				CLANG_WARN_DOCUMENTATION_COMMENTS = YES;
				CLANG_WARN_EMPTY_BODY = YES;
				CLANG_WARN_ENUM_CONVERSION = YES;
				CLANG_WARN_INFINITE_RECURSION = YES;
				CLANG_WARN_INT_CONVERSION = YES;
				CLANG_WARN_NON_LITERAL_NULL_CONVERSION = YES;
				CLANG_WARN_OBJC_IMPLICIT_RETAIN_SELF = YES;
				CLANG_WARN_OBJC_LITERAL_CONVERSION = YES;
				CLANG_WARN_OBJC_ROOT_CLASS = YES_ERROR;
				CLANG_WARN_QUOTED_INCLUDE_IN_FRAMEWORK_HEADER = YES;
				CLANG_WARN_RANGE_LOOP_ANALYSIS = YES;
				CLANG_WARN_STRICT_PROTOTYPES = YES;
				CLANG_WARN_SUSPICIOUS_MOVE = YES;
				CLANG_WARN_UNGUARDED_AVAILABILITY = YES_AGGRESSIVE;
				CLANG_WARN_UNREACHABLE_CODE = YES;
				CLANG_WARN__DUPLICATE_METHOD_MATCH = YES;
				COPY_PHASE_STRIP = NO;
				CURRENT_PROJECT_VERSION = 1;
				DEBUG_INFORMATION_FORMAT = dwarf;
				ENABLE_STRICT_OBJC_MSGSEND = YES;
				ENABLE_TESTABILITY = YES;
				ENABLE_USER_SCRIPT_SANDBOXING = YES;
				GCC_C_LANGUAGE_STANDARD = gnu17;
				GCC_DYNAMIC_NO_PIC = NO;
				GCC_NO_COMMON_BLOCKS = YES;
				GCC_OPTIMIZATION_LEVEL = 0;
				GCC_PREPROCESSOR_DEFINITIONS = (
					"DEBUG=1",
					"$(inherited)",
				);
				GCC_WARN_64_TO_32_BIT_CONVERSION = YES;
				GCC_WARN_ABOUT_RETURN_TYPE = YES_ERROR;
				GCC_WARN_UNDECLARED_SELECTOR = YES;
				GCC_WARN_UNINITIALIZED_AUTOS = YES_AGGRESSIVE;
				GCC_WARN_UNUSED_FUNCTION = YES;
				GCC_WARN_UNUSED_VARIABLE = YES;
				IPHONEOS_DEPLOYMENT_TARGET = 17.0;
				LOCALIZATION_PREFERS_STRING_CATALOGS = YES;
				MTL_ENABLE_DEBUG_INFO = INCLUDE_SOURCE;
				MTL_FAST_MATH = YES;
				ONLY_ACTIVE_ARCH = YES;
				SDKROOT = iphoneos;
				SWIFT_ACTIVE_COMPILATION_CONDITIONS = "DEBUG $(inherited)";
				SWIFT_OPTIMIZATION_LEVEL = "-Onone";
				VERSIONING_SYSTEM = "apple-generic";
				VERSION_INFO_PREFIX = "";
			};
			name = Debug;
		};
		64C4DB562B558DE600D1DDC2 /* Release */ = {
			isa = XCBuildConfiguration;
			buildSettings = {
				ALWAYS_SEARCH_USER_PATHS = NO;
				ASSETCATALOG_COMPILER_GENERATE_SWIFT_ASSET_SYMBOL_EXTENSIONS = YES;
				CLANG_ANALYZER_LOCALIZABILITY_NONLOCALIZED = YES;
				CLANG_ANALYZER_NONNULL = YES;
				CLANG_ANALYZER_NUMBER_OBJECT_CONVERSION = YES_AGGRESSIVE;
				CLANG_CXX_LANGUAGE_STANDARD = "gnu++20";
				CLANG_ENABLE_MODULES = YES;
				CLANG_ENABLE_OBJC_ARC = YES;
				CLANG_ENABLE_OBJC_WEAK = YES;
				CLANG_WARN_BLOCK_CAPTURE_AUTORELEASING = YES;
				CLANG_WARN_BOOL_CONVERSION = YES;
				CLANG_WARN_COMMA = YES;
				CLANG_WARN_CONSTANT_CONVERSION = YES;
				CLANG_WARN_DEPRECATED_OBJC_IMPLEMENTATIONS = YES;
				CLANG_WARN_DIRECT_OBJC_ISA_USAGE = YES_ERROR;
				CLANG_WARN_DOCUMENTATION_COMMENTS = YES;
				CLANG_WARN_EMPTY_BODY = YES;
				CLANG_WARN_ENUM_CONVERSION = YES;
				CLANG_WARN_INFINITE_RECURSION = YES;
				CLANG_WARN_INT_CONVERSION = YES;
				CLANG_WARN_NON_LITERAL_NULL_CONVERSION = YES;
				CLANG_WARN_OBJC_IMPLICIT_RETAIN_SELF = YES;
				CLANG_WARN_OBJC_LITERAL_CONVERSION = YES;
				CLANG_WARN_OBJC_ROOT_CLASS = YES_ERROR;
				CLANG_WARN_QUOTED_INCLUDE_IN_FRAMEWORK_HEADER = YES;
				CLANG_WARN_RANGE_LOOP_ANALYSIS = YES;
				CLANG_WARN_STRICT_PROTOTYPES = YES;
				CLANG_WARN_SUSPICIOUS_MOVE = YES;
				CLANG_WARN_UNGUARDED_AVAILABILITY = YES_AGGRESSIVE;
				CLANG_WARN_UNREACHABLE_CODE = YES;
				CLANG_WARN__DUPLICATE_METHOD_MATCH = YES;
				COPY_PHASE_STRIP = NO;
				CURRENT_PROJECT_VERSION = 1;
				DEBUG_INFORMATION_FORMAT = "dwarf-with-dsym";
				ENABLE_NS_ASSERTIONS = NO;
				ENABLE_STRICT_OBJC_MSGSEND = YES;
				ENABLE_USER_SCRIPT_SANDBOXING = YES;
				GCC_C_LANGUAGE_STANDARD = gnu17;
				GCC_NO_COMMON_BLOCKS = YES;
				GCC_WARN_64_TO_32_BIT_CONVERSION = YES;
				GCC_WARN_ABOUT_RETURN_TYPE = YES_ERROR;
				GCC_WARN_UNDECLARED_SELECTOR = YES;
				GCC_WARN_UNINITIALIZED_AUTOS = YES_AGGRESSIVE;
				GCC_WARN_UNUSED_FUNCTION = YES;
				GCC_WARN_UNUSED_VARIABLE = YES;
				IPHONEOS_DEPLOYMENT_TARGET = 17.0;
				LOCALIZATION_PREFERS_STRING_CATALOGS = YES;
				MTL_ENABLE_DEBUG_INFO = NO;
				MTL_FAST_MATH = YES;
				SDKROOT = iphoneos;
				SWIFT_COMPILATION_MODE = wholemodule;
				VALIDATE_PRODUCT = YES;
				VERSIONING_SYSTEM = "apple-generic";
				VERSION_INFO_PREFIX = "";
			};
			name = Release;
		};
		64C4DB582B558DE600D1DDC2 /* Debug */ = {
			isa = XCBuildConfiguration;
			buildSettings = {
				CODE_SIGN_STYLE = Automatic;
				CURRENT_PROJECT_VERSION = 1;
				DEFINES_MODULE = YES;
				DEVELOPMENT_TEAM = AK6785LYZN;
				DYLIB_COMPATIBILITY_VERSION = 1;
				DYLIB_CURRENT_VERSION = 1;
				DYLIB_INSTALL_NAME_BASE = "@rpath";
				ENABLE_MODULE_VERIFIER = YES;
				GENERATE_INFOPLIST_FILE = YES;
				INFOPLIST_KEY_NSHumanReadableCopyright = "";
				INSTALL_PATH = "$(LOCAL_LIBRARY_DIR)/Frameworks";
				IPHONEOS_DEPLOYMENT_TARGET = 17.0;
				LD_RUNPATH_SEARCH_PATHS = (
					"$(inherited)",
					"@executable_path/Frameworks",
					"@loader_path/Frameworks",
				);
				MARKETING_VERSION = 1.0;
				MODULE_VERIFIER_SUPPORTED_LANGUAGES = "objective-c objective-c++";
				MODULE_VERIFIER_SUPPORTED_LANGUAGE_STANDARDS = "gnu17 gnu++20";
				PRODUCT_BUNDLE_IDENTIFIER = com.diktup.iossifcawidget;
				PRODUCT_NAME = "$(TARGET_NAME:c99extidentifier)";
				SKIP_INSTALL = YES;
				SUPPORTED_PLATFORMS = "iphoneos iphonesimulator";
				SUPPORTS_MACCATALYST = NO;
				SUPPORTS_MAC_DESIGNED_FOR_IPHONE_IPAD = NO;
				SUPPORTS_XR_DESIGNED_FOR_IPHONE_IPAD = NO;
				SWIFT_EMIT_LOC_STRINGS = YES;
				SWIFT_VERSION = 5.0;
				TARGETED_DEVICE_FAMILY = "1,2";
			};
			name = Debug;
		};
		64C4DB592B558DE600D1DDC2 /* Release */ = {
			isa = XCBuildConfiguration;
			buildSettings = {
				CODE_SIGN_STYLE = Automatic;
				CURRENT_PROJECT_VERSION = 1;
				DEFINES_MODULE = YES;
				DEVELOPMENT_TEAM = AK6785LYZN;
				DYLIB_COMPATIBILITY_VERSION = 1;
				DYLIB_CURRENT_VERSION = 1;
				DYLIB_INSTALL_NAME_BASE = "@rpath";
				ENABLE_MODULE_VERIFIER = YES;
				GENERATE_INFOPLIST_FILE = YES;
				INFOPLIST_KEY_NSHumanReadableCopyright = "";
				INSTALL_PATH = "$(LOCAL_LIBRARY_DIR)/Frameworks";
				IPHONEOS_DEPLOYMENT_TARGET = 17.0;
				LD_RUNPATH_SEARCH_PATHS = (
					"$(inherited)",
					"@executable_path/Frameworks",
					"@loader_path/Frameworks",
				);
				MARKETING_VERSION = 1.0;
				MODULE_VERIFIER_SUPPORTED_LANGUAGES = "objective-c objective-c++";
				MODULE_VERIFIER_SUPPORTED_LANGUAGE_STANDARDS = "gnu17 gnu++20";
				PRODUCT_BUNDLE_IDENTIFIER = com.diktup.iossifcawidget;
				PRODUCT_NAME = "$(TARGET_NAME:c99extidentifier)";
				SKIP_INSTALL = YES;
				SUPPORTED_PLATFORMS = "iphoneos iphonesimulator";
				SUPPORTS_MACCATALYST = NO;
				SUPPORTS_MAC_DESIGNED_FOR_IPHONE_IPAD = NO;
				SUPPORTS_XR_DESIGNED_FOR_IPHONE_IPAD = NO;
				SWIFT_EMIT_LOC_STRINGS = YES;
				SWIFT_VERSION = 5.0;
				TARGETED_DEVICE_FAMILY = "1,2";
			};
			name = Release;
		};
		64C4DB5B2B558DE600D1DDC2 /* Debug */ = {
			isa = XCBuildConfiguration;
			buildSettings = {
				ALWAYS_EMBED_SWIFT_STANDARD_LIBRARIES = YES;
				CODE_SIGN_STYLE = Automatic;
				CURRENT_PROJECT_VERSION = 1;
				DEVELOPMENT_TEAM = AK6785LYZN;
				GENERATE_INFOPLIST_FILE = YES;
				MARKETING_VERSION = 1.0;
				PRODUCT_BUNDLE_IDENTIFIER = com.diktup.iossifcawidgetTests;
				PRODUCT_NAME = "$(TARGET_NAME)";
				SWIFT_EMIT_LOC_STRINGS = NO;
				SWIFT_VERSION = 5.0;
				TARGETED_DEVICE_FAMILY = "1,2";
			};
			name = Debug;
		};
		64C4DB5C2B558DE600D1DDC2 /* Release */ = {
			isa = XCBuildConfiguration;
			buildSettings = {
				ALWAYS_EMBED_SWIFT_STANDARD_LIBRARIES = YES;
				CODE_SIGN_STYLE = Automatic;
				CURRENT_PROJECT_VERSION = 1;
				DEVELOPMENT_TEAM = AK6785LYZN;
				GENERATE_INFOPLIST_FILE = YES;
				MARKETING_VERSION = 1.0;
				PRODUCT_BUNDLE_IDENTIFIER = com.diktup.iossifcawidgetTests;
				PRODUCT_NAME = "$(TARGET_NAME)";
				SWIFT_EMIT_LOC_STRINGS = NO;
				SWIFT_VERSION = 5.0;
				TARGETED_DEVICE_FAMILY = "1,2";
			};
			name = Release;
		};
/* End XCBuildConfiguration section */

/* Begin XCConfigurationList section */
		64C4DB3D2B558DE600D1DDC2 /* Build configuration list for PBXProject "iossifcawidget" */ = {
			isa = XCConfigurationList;
			buildConfigurations = (
				64C4DB552B558DE600D1DDC2 /* Debug */,
				64C4DB562B558DE600D1DDC2 /* Release */,
			);
			defaultConfigurationIsVisible = 0;
			defaultConfigurationName = Release;
		};
		64C4DB572B558DE600D1DDC2 /* Build configuration list for PBXNativeTarget "iossifcawidget" */ = {
			isa = XCConfigurationList;
			buildConfigurations = (
				64C4DB582B558DE600D1DDC2 /* Debug */,
				64C4DB592B558DE600D1DDC2 /* Release */,
			);
			defaultConfigurationIsVisible = 0;
			defaultConfigurationName = Release;
		};
		64C4DB5A2B558DE600D1DDC2 /* Build configuration list for PBXNativeTarget "iossifcawidgetTests" */ = {
			isa = XCConfigurationList;
			buildConfigurations = (
				64C4DB5B2B558DE600D1DDC2 /* Debug */,
				64C4DB5C2B558DE600D1DDC2 /* Release */,
			);
			defaultConfigurationIsVisible = 0;
			defaultConfigurationName = Release;
		};
/* End XCConfigurationList section */

/* Begin XCRemoteSwiftPackageReference section */
		64C4DB5D2B558E5100D1DDC2 /* XCRemoteSwiftPackageReference "url-image" */ = {
			isa = XCRemoteSwiftPackageReference;
			repositoryURL = "https://github.com/dmytro-anokhin/url-image";
			requirement = {
				kind = upToNextMajorVersion;
				minimumVersion = 3.1.1;
			};
		};
		64C4DB5E2B558E5F00D1DDC2 /* XCRemoteSwiftPackageReference "swiftui-gif" */ = {
			isa = XCRemoteSwiftPackageReference;
			repositoryURL = "https://github.com/globulus/swiftui-gif.git";
			requirement = {
				kind = upToNextMajorVersion;
				minimumVersion = 1.0.1;
			};
		};
/* End XCRemoteSwiftPackageReference section */

/* Begin XCSwiftPackageProductDependency section */
		64C4DB5F2B558E5F00D1DDC2 /* SwiftUIGIF */ = {
			isa = XCSwiftPackageProductDependency;
			package = 64C4DB5E2B558E5F00D1DDC2 /* XCRemoteSwiftPackageReference "swiftui-gif" */;
			productName = SwiftUIGIF;
		};
/* End XCSwiftPackageProductDependency section */
	};
	rootObject = 64C4DB3A2B558DE600D1DDC2 /* Project object */;
}
